// !$*UTF8*$!
{
	archiveVersion = 1;
	classes = {
	};
	objectVersion = 46;
	objects = {

/* Begin PBXBuildFile section */
		AC2FA81C1EB7F616002DDEB8 /* MemberListEntry.cpp in Sources */ = {isa = PBXBuildFile; fileRef = AC2FA8111EB7F616002DDEB8 /* MemberListEntry.cpp */; };
		AC2FA81D1EB7F616002DDEB8 /* Node.cpp in Sources */ = {isa = PBXBuildFile; fileRef = AC2FA8131EB7F616002DDEB8 /* Node.cpp */; };
		AC2FA81E1EB7F616002DDEB8 /* Server_Session.cpp in Sources */ = {isa = PBXBuildFile; fileRef = AC2FA8171EB7F616002DDEB8 /* Server_Session.cpp */; };
		AC2FA81F1EB7F616002DDEB8 /* Server.cpp in Sources */ = {isa = PBXBuildFile; fileRef = AC2FA8191EB7F616002DDEB8 /* Server.cpp */; };
		AC36E3C11EB81AD40037E3DB /* Member.cpp in Sources */ = {isa = PBXBuildFile; fileRef = AC36E3C01EB81AD40037E3DB /* Member.cpp */; };
		ACE604081EB801DF00453D2D /* libboost_system-mt.dylib in Frameworks */ = {isa = PBXBuildFile; fileRef = ACE604061EB801DF00453D2D /* libboost_system-mt.dylib */; };
		ACE604091EB801DF00453D2D /* libboost_thread-mt.dylib in Frameworks */ = {isa = PBXBuildFile; fileRef = ACE604071EB801DF00453D2D /* libboost_thread-mt.dylib */; };
/* End PBXBuildFile section */

/* Begin PBXCopyFilesBuildPhase section */
		AC2FA7EB1EB7F3C9002DDEB8 /* CopyFiles */ = {
			isa = PBXCopyFilesBuildPhase;
			buildActionMask = 2147483647;
			dstPath = /usr/share/man/man1/;
			dstSubfolderSpec = 0;
			files = (
			);
			runOnlyForDeploymentPostprocessing = 1;
		};
/* End PBXCopyFilesBuildPhase section */

/* Begin PBXFileReference section */
		AC2FA7ED1EB7F3C9002DDEB8 /* Content_Addressable_Network */ = {isa = PBXFileReference; explicitFileType = "compiled.mach-o.executable"; includeInIndex = 0; path = Content_Addressable_Network; sourceTree = BUILT_PRODUCTS_DIR; };
		AC2FA80E1EB7F616002DDEB8 /* Client.hpp */ = {isa = PBXFileReference; fileEncoding = 4; lastKnownFileType = sourcecode.cpp.h; path = Client.hpp; sourceTree = "<group>"; };
		AC2FA80F1EB7F616002DDEB8 /* Coordinate.hpp */ = {isa = PBXFileReference; fileEncoding = 4; lastKnownFileType = sourcecode.cpp.h; path = Coordinate.hpp; sourceTree = "<group>"; };
		AC2FA8101EB7F616002DDEB8 /* Generator.hpp */ = {isa = PBXFileReference; fileEncoding = 4; lastKnownFileType = sourcecode.cpp.h; path = Generator.hpp; sourceTree = "<group>"; };
		AC2FA8111EB7F616002DDEB8 /* MemberListEntry.cpp */ = {isa = PBXFileReference; fileEncoding = 4; lastKnownFileType = sourcecode.cpp.cpp; path = MemberListEntry.cpp; sourceTree = "<group>"; };
		AC2FA8121EB7F616002DDEB8 /* Member.hpp */ = {isa = PBXFileReference; fileEncoding = 4; lastKnownFileType = sourcecode.cpp.h; path = Member.hpp; sourceTree = "<group>"; };
		AC2FA8131EB7F616002DDEB8 /* Node.cpp */ = {isa = PBXFileReference; fileEncoding = 4; lastKnownFileType = sourcecode.cpp.cpp; path = Node.cpp; sourceTree = "<group>"; };
		AC2FA8141EB7F616002DDEB8 /* Node.hpp */ = {isa = PBXFileReference; fileEncoding = 4; lastKnownFileType = sourcecode.cpp.h; path = Node.hpp; sourceTree = "<group>"; };
		AC2FA8151EB7F616002DDEB8 /* Operation.hpp */ = {isa = PBXFileReference; fileEncoding = 4; lastKnownFileType = sourcecode.cpp.h; path = Operation.hpp; sourceTree = "<group>"; };
		AC2FA8161EB7F616002DDEB8 /* Queue.hpp */ = {isa = PBXFileReference; fileEncoding = 4; lastKnownFileType = sourcecode.cpp.h; path = Queue.hpp; sourceTree = "<group>"; };
		AC2FA8171EB7F616002DDEB8 /* Server_Session.cpp */ = {isa = PBXFileReference; fileEncoding = 4; lastKnownFileType = sourcecode.cpp.cpp; path = Server_Session.cpp; sourceTree = "<group>"; };
		AC2FA8181EB7F616002DDEB8 /* Server_Session.hpp */ = {isa = PBXFileReference; fileEncoding = 4; lastKnownFileType = sourcecode.cpp.h; path = Server_Session.hpp; sourceTree = "<group>"; };
		AC2FA8191EB7F616002DDEB8 /* Server.cpp */ = {isa = PBXFileReference; fileEncoding = 4; lastKnownFileType = sourcecode.cpp.cpp; path = Server.cpp; sourceTree = "<group>"; };
		AC2FA81A1EB7F616002DDEB8 /* Server.hpp */ = {isa = PBXFileReference; fileEncoding = 4; lastKnownFileType = sourcecode.cpp.h; path = Server.hpp; sourceTree = "<group>"; };
		AC2FA81B1EB7F616002DDEB8 /* Zone.hpp */ = {isa = PBXFileReference; fileEncoding = 4; lastKnownFileType = sourcecode.cpp.h; path = Zone.hpp; sourceTree = "<group>"; };
		AC36E3BE1EB816F70037E3DB /* Message.hpp */ = {isa = PBXFileReference; lastKnownFileType = sourcecode.cpp.h; path = Message.hpp; sourceTree = "<group>"; };
		AC36E3BF1EB819B90037E3DB /* MemberListEntry.hpp */ = {isa = PBXFileReference; lastKnownFileType = sourcecode.cpp.h; path = MemberListEntry.hpp; sourceTree = "<group>"; };
		AC36E3C01EB81AD40037E3DB /* Member.cpp */ = {isa = PBXFileReference; fileEncoding = 4; lastKnownFileType = sourcecode.cpp.cpp; path = Member.cpp; sourceTree = "<group>"; };
		ACE604061EB801DF00453D2D /* libboost_system-mt.dylib */ = {isa = PBXFileReference; lastKnownFileType = "compiled.mach-o.dylib"; name = "libboost_system-mt.dylib"; path = "../../../../../opt/local/lib/libboost_system-mt.dylib"; sourceTree = "<group>"; };
		ACE604071EB801DF00453D2D /* libboost_thread-mt.dylib */ = {isa = PBXFileReference; lastKnownFileType = "compiled.mach-o.dylib"; name = "libboost_thread-mt.dylib"; path = "../../../../../opt/local/lib/libboost_thread-mt.dylib"; sourceTree = "<group>"; };
/* End PBXFileReference section */

/* Begin PBXFrameworksBuildPhase section */
		AC2FA7EA1EB7F3C9002DDEB8 /* Frameworks */ = {
			isa = PBXFrameworksBuildPhase;
			buildActionMask = 2147483647;
			files = (
				ACE604081EB801DF00453D2D /* libboost_system-mt.dylib in Frameworks */,
				ACE604091EB801DF00453D2D /* libboost_thread-mt.dylib in Frameworks */,
			);
			runOnlyForDeploymentPostprocessing = 0;
		};
/* End PBXFrameworksBuildPhase section */

/* Begin PBXGroup section */
		AC2FA7E41EB7F3C9002DDEB8 = {
			isa = PBXGroup;
			children = (
				ACE604061EB801DF00453D2D /* libboost_system-mt.dylib */,
				ACE604071EB801DF00453D2D /* libboost_thread-mt.dylib */,
				AC2FA7EF1EB7F3C9002DDEB8 /* Content_Addressable_Network */,
				AC2FA7EE1EB7F3C9002DDEB8 /* Products */,
			);
			sourceTree = "<group>";
		};
		AC2FA7EE1EB7F3C9002DDEB8 /* Products */ = {
			isa = PBXGroup;
			children = (
				AC2FA7ED1EB7F3C9002DDEB8 /* Content_Addressable_Network */,
			);
			name = Products;
			sourceTree = "<group>";
		};
		AC2FA7EF1EB7F3C9002DDEB8 /* Content_Addressable_Network */ = {
			isa = PBXGroup;
			children = (
				AC2FA80E1EB7F616002DDEB8 /* Client.hpp */,
				AC2FA80F1EB7F616002DDEB8 /* Coordinate.hpp */,
				AC2FA8101EB7F616002DDEB8 /* Generator.hpp */,
				AC2FA8111EB7F616002DDEB8 /* MemberListEntry.cpp */,
				AC2FA8121EB7F616002DDEB8 /* Member.hpp */,
				AC2FA8131EB7F616002DDEB8 /* Node.cpp */,
				AC2FA8141EB7F616002DDEB8 /* Node.hpp */,
				AC2FA8151EB7F616002DDEB8 /* Operation.hpp */,
				AC2FA8161EB7F616002DDEB8 /* Queue.hpp */,
				AC2FA8171EB7F616002DDEB8 /* Server_Session.cpp */,
				AC2FA8181EB7F616002DDEB8 /* Server_Session.hpp */,
				AC2FA8191EB7F616002DDEB8 /* Server.cpp */,
				AC2FA81A1EB7F616002DDEB8 /* Server.hpp */,
				AC2FA81B1EB7F616002DDEB8 /* Zone.hpp */,
				AC36E3BE1EB816F70037E3DB /* Message.hpp */,
				AC36E3BF1EB819B90037E3DB /* MemberListEntry.hpp */,
				AC36E3C01EB81AD40037E3DB /* Member.cpp */,
			);
			path = Content_Addressable_Network;
			sourceTree = "<group>";
		};
/* End PBXGroup section */

/* Begin PBXNativeTarget section */
		AC2FA7EC1EB7F3C9002DDEB8 /* Content_Addressable_Network */ = {
			isa = PBXNativeTarget;
			buildConfigurationList = AC2FA7F41EB7F3C9002DDEB8 /* Build configuration list for PBXNativeTarget "Content_Addressable_Network" */;
			buildPhases = (
				AC2FA7E91EB7F3C9002DDEB8 /* Sources */,
				AC2FA7EA1EB7F3C9002DDEB8 /* Frameworks */,
				AC2FA7EB1EB7F3C9002DDEB8 /* CopyFiles */,
			);
			buildRules = (
			);
			dependencies = (
			);
			name = Content_Addressable_Network;
			productName = Content_Addressable_Network;
			productReference = AC2FA7ED1EB7F3C9002DDEB8 /* Content_Addressable_Network */;
			productType = "com.apple.product-type.tool";
		};
/* End PBXNativeTarget section */

/* Begin PBXProject section */
		AC2FA7E51EB7F3C9002DDEB8 /* Project object */ = {
			isa = PBXProject;
			attributes = {
				LastUpgradeCheck = 0830;
				ORGANIZATIONNAME = Balakrishna;
				TargetAttributes = {
					AC2FA7EC1EB7F3C9002DDEB8 = {
						CreatedOnToolsVersion = 8.3.2;
						ProvisioningStyle = Automatic;
					};
				};
			};
			buildConfigurationList = AC2FA7E81EB7F3C9002DDEB8 /* Build configuration list for PBXProject "Content_Addressable_Network" */;
			compatibilityVersion = "Xcode 3.2";
			developmentRegion = English;
			hasScannedForEncodings = 0;
			knownRegions = (
				en,
			);
			mainGroup = AC2FA7E41EB7F3C9002DDEB8;
			productRefGroup = AC2FA7EE1EB7F3C9002DDEB8 /* Products */;
			projectDirPath = "";
			projectRoot = "";
			targets = (
				AC2FA7EC1EB7F3C9002DDEB8 /* Content_Addressable_Network */,
			);
		};
/* End PBXProject section */

/* Begin PBXSourcesBuildPhase section */
		AC2FA7E91EB7F3C9002DDEB8 /* Sources */ = {
			isa = PBXSourcesBuildPhase;
			buildActionMask = 2147483647;
			files = (
				AC2FA81C1EB7F616002DDEB8 /* MemberListEntry.cpp in Sources */,
				AC2FA81E1EB7F616002DDEB8 /* Server_Session.cpp in Sources */,
				AC2FA81F1EB7F616002DDEB8 /* Server.cpp in Sources */,
				AC2FA81D1EB7F616002DDEB8 /* Node.cpp in Sources */,
				AC36E3C11EB81AD40037E3DB /* Member.cpp in Sources */,
			);
			runOnlyForDeploymentPostprocessing = 0;
		};
/* End PBXSourcesBuildPhase section */

/* Begin XCBuildConfiguration section */
		AC2FA7F21EB7F3C9002DDEB8 /* Debug */ = {
			isa = XCBuildConfiguration;
			buildSettings = {
				ALWAYS_SEARCH_USER_PATHS = NO;
				CLANG_ANALYZER_NONNULL = YES;
				CLANG_ANALYZER_NUMBER_OBJECT_CONVERSION = YES_AGGRESSIVE;
				CLANG_CXX_LANGUAGE_STANDARD = "gnu++0x";
				CLANG_CXX_LIBRARY = "libc++";
				CLANG_ENABLE_MODULES = YES;
				CLANG_ENABLE_OBJC_ARC = YES;
				CLANG_WARN_BOOL_CONVERSION = YES;
				CLANG_WARN_CONSTANT_CONVERSION = YES;
				CLANG_WARN_DIRECT_OBJC_ISA_USAGE = YES_ERROR;
				CLANG_WARN_DOCUMENTATION_COMMENTS = YES;
				CLANG_WARN_EMPTY_BODY = YES;
				CLANG_WARN_ENUM_CONVERSION = YES;
				CLANG_WARN_INFINITE_RECURSION = YES;
				CLANG_WARN_INT_CONVERSION = YES;
				CLANG_WARN_OBJC_ROOT_CLASS = YES_ERROR;
				CLANG_WARN_SUSPICIOUS_MOVE = YES;
				CLANG_WARN_UNREACHABLE_CODE = YES;
				CLANG_WARN__DUPLICATE_METHOD_MATCH = YES;
				CODE_SIGN_IDENTITY = "-";
				COPY_PHASE_STRIP = NO;
				DEBUG_INFORMATION_FORMAT = dwarf;
				ENABLE_STRICT_OBJC_MSGSEND = YES;
				ENABLE_TESTABILITY = YES;
				GCC_C_LANGUAGE_STANDARD = gnu99;
				GCC_DYNAMIC_NO_PIC = NO;
				GCC_NO_COMMON_BLOCKS = YES;
				GCC_OPTIMIZATION_LEVEL = 0;
				GCC_PREPROCESSOR_DEFINITIONS = (
					"DEBUG=1",
					"$(inherited)",
				);
				GCC_WARN_64_TO_32_BIT_CONVERSION = YES;
				GCC_WARN_ABOUT_RETURN_TYPE = YES_ERROR;
				GCC_WARN_UNDECLARED_SELECTOR = YES;
				GCC_WARN_UNINITIALIZED_AUTOS = YES_AGGRESSIVE;
				GCC_WARN_UNUSED_FUNCTION = YES;
				GCC_WARN_UNUSED_VARIABLE = YES;
				MACOSX_DEPLOYMENT_TARGET = 10.12;
				MTL_ENABLE_DEBUG_INFO = YES;
				ONLY_ACTIVE_ARCH = YES;
				SDKROOT = macosx;
			};
			name = Debug;
		};
		AC2FA7F31EB7F3C9002DDEB8 /* Release */ = {
			isa = XCBuildConfiguration;
			buildSettings = {
				ALWAYS_SEARCH_USER_PATHS = NO;
				CLANG_ANALYZER_NONNULL = YES;
				CLANG_ANALYZER_NUMBER_OBJECT_CONVERSION = YES_AGGRESSIVE;
				CLANG_CXX_LANGUAGE_STANDARD = "gnu++0x";
				CLANG_CXX_LIBRARY = "libc++";
				CLANG_ENABLE_MODULES = YES;
				CLANG_ENABLE_OBJC_ARC = YES;
				CLANG_WARN_BOOL_CONVERSION = YES;
				CLANG_WARN_CONSTANT_CONVERSION = YES;
				CLANG_WARN_DIRECT_OBJC_ISA_USAGE = YES_ERROR;
				CLANG_WARN_DOCUMENTATION_COMMENTS = YES;
				CLANG_WARN_EMPTY_BODY = YES;
				CLANG_WARN_ENUM_CONVERSION = YES;
				CLANG_WARN_INFINITE_RECURSION = YES;
				CLANG_WARN_INT_CONVERSION = YES;
				CLANG_WARN_OBJC_ROOT_CLASS = YES_ERROR;
				CLANG_WARN_SUSPICIOUS_MOVE = YES;
				CLANG_WARN_UNREACHABLE_CODE = YES;
				CLANG_WARN__DUPLICATE_METHOD_MATCH = YES;
				CODE_SIGN_IDENTITY = "-";
				COPY_PHASE_STRIP = NO;
				DEBUG_INFORMATION_FORMAT = "dwarf-with-dsym";
				ENABLE_NS_ASSERTIONS = NO;
				ENABLE_STRICT_OBJC_MSGSEND = YES;
				GCC_C_LANGUAGE_STANDARD = gnu99;
				GCC_NO_COMMON_BLOCKS = YES;
				GCC_WARN_64_TO_32_BIT_CONVERSION = YES;
				GCC_WARN_ABOUT_RETURN_TYPE = YES_ERROR;
				GCC_WARN_UNDECLARED_SELECTOR = YES;
				GCC_WARN_UNINITIALIZED_AUTOS = YES_AGGRESSIVE;
				GCC_WARN_UNUSED_FUNCTION = YES;
				GCC_WARN_UNUSED_VARIABLE = YES;
				MACOSX_DEPLOYMENT_TARGET = 10.12;
				MTL_ENABLE_DEBUG_INFO = NO;
				SDKROOT = macosx;
			};
			name = Release;
		};
		AC2FA7F51EB7F3C9002DDEB8 /* Debug */ = {
			isa = XCBuildConfiguration;
			buildSettings = {
				HEADER_SEARCH_PATHS = /opt/local/include/;
				LIBRARY_SEARCH_PATHS = (
					/opt/local/lib/,
					/opt/local/lib,
				);
				PRODUCT_NAME = "$(TARGET_NAME)";
			};
			name = Debug;
		};
		AC2FA7F61EB7F3C9002DDEB8 /* Release */ = {
			isa = XCBuildConfiguration;
			buildSettings = {
				HEADER_SEARCH_PATHS = /opt/local/include/;
				LIBRARY_SEARCH_PATHS = (
					/opt/local/lib/,
					/opt/local/lib,
				);
				PRODUCT_NAME = "$(TARGET_NAME)";
			};
			name = Release;
		};
/* End XCBuildConfiguration section */

/* Begin XCConfigurationList section */
		AC2FA7E81EB7F3C9002DDEB8 /* Build configuration list for PBXProject "Content_Addressable_Network" */ = {
			isa = XCConfigurationList;
			buildConfigurations = (
				AC2FA7F21EB7F3C9002DDEB8 /* Debug */,
				AC2FA7F31EB7F3C9002DDEB8 /* Release */,
			);
			defaultConfigurationIsVisible = 0;
			defaultConfigurationName = Release;
		};
		AC2FA7F41EB7F3C9002DDEB8 /* Build configuration list for PBXNativeTarget "Content_Addressable_Network" */ = {
			isa = XCConfigurationList;
			buildConfigurations = (
				AC2FA7F51EB7F3C9002DDEB8 /* Debug */,
				AC2FA7F61EB7F3C9002DDEB8 /* Release */,
			);
			defaultConfigurationIsVisible = 0;
			defaultConfigurationName = Release;
		};
/* End XCConfigurationList section */
	};
	rootObject = AC2FA7E51EB7F3C9002DDEB8 /* Project object */;
}
